
Microsoft Visual Studio Solution File, Format Version 12.00
# Visual Studio Version 17
VisualStudioVersion = 17.0.31903.59
MinimumVisualStudioVersion = 10.0.40219.1
Project("{2150E333-8FDC-42A3-9474-1A3956D46DE8}") = "src", "src", "{827E0CD3-B72D-47B6-A68D-7590B98EB39B}"
EndProject
Project("{FAE04EC0-301F-11D3-BF4B-00C04F79EFBC}") = "VoxPet.Core", "src\VoxPet.Core\VoxPet.Core.csproj", "{5F2CD172-9540-4B2B-9234-F21FF3A1E30B}"
EndProject
Project("{FAE04EC0-301F-11D3-BF4B-00C04F79EFBC}") = "VoxPet.App", "src\VoxPet.App\VoxPet.App.csproj", "{41464C25-4271-4D51-90E3-3187BDD890E1}"
EndProject
Project("{2150E333-8FDC-42A3-9474-1A3956D46DE8}") = "tests", "tests", "{0AB3BF05-4346-4AA6-1389-037BE0695223}"
EndProject
Project("{FAE04EC0-301F-11D3-BF4B-00C04F79EFBC}") = "VoxPet.Core.Tests", "tests\VoxPet.Core.Tests\VoxPet.Core.Tests.csproj", "{57554809-07E1-4DF6-B8B2-D8C5D2587D9B}"
EndProject
Global
	GlobalSection(SolutionConfigurationPlatforms) = preSolution
		Debug|Any CPU = Debug|Any CPU
		Debug|x64 = Debug|x64
		Debug|x86 = Debug|x86
		Release|Any CPU = Release|Any CPU
		Release|x64 = Release|x64
		Release|x86 = Release|x86
	EndGlobalSection
	GlobalSection(ProjectConfigurationPlatforms) = postSolution
		{5F2CD172-9540-4B2B-9234-F21FF3A1E30B}.Debug|Any CPU.ActiveCfg = Debug|Any CPU
		{5F2CD172-9540-4B2B-9234-F21FF3A1E30B}.Debug|Any CPU.Build.0 = Debug|Any CPU
		{5F2CD172-9540-4B2B-9234-F21FF3A1E30B}.Debug|x64.ActiveCfg = Debug|Any CPU
		{5F2CD172-9540-4B2B-9234-F21FF3A1E30B}.Debug|x64.Build.0 = Debug|Any CPU
		{5F2CD172-9540-4B2B-9234-F21FF3A1E30B}.Debug|x86.ActiveCfg = Debug|Any CPU
		{5F2CD172-9540-4B2B-9234-F21FF3A1E30B}.Debug|x86.Build.0 = Debug|Any CPU
		{5F2CD172-9540-4B2B-9234-F21FF3A1E30B}.Release|Any CPU.ActiveCfg = Release|Any CPU
		{5F2CD172-9540-4B2B-9234-F21FF3A1E30B}.Release|Any CPU.Build.0 = Release|Any CPU
		{5F2CD172-9540-4B2B-9234-F21FF3A1E30B}.Release|x64.ActiveCfg = Release|Any CPU
		{5F2CD172-9540-4B2B-9234-F21FF3A1E30B}.Release|x64.Build.0 = Release|Any CPU
		{5F2CD172-9540-4B2B-9234-F21FF3A1E30B}.Release|x86.ActiveCfg = Release|Any CPU
		{5F2CD172-9540-4B2B-9234-F21FF3A1E30B}.Release|x86.Build.0 = Release|Any CPU
		{41464C25-4271-4D51-90E3-3187BDD890E1}.Debug|Any CPU.ActiveCfg = Debug|Any CPU
		{41464C25-4271-4D51-90E3-3187BDD890E1}.Debug|Any CPU.Build.0 = Debug|Any CPU
		{41464C25-4271-4D51-90E3-3187BDD890E1}.Debug|x64.ActiveCfg = Debug|x64
		{41464C25-4271-4D51-90E3-3187BDD890E1}.Debug|x64.Build.0 = Debug|x64
		{41464C25-4271-4D51-90E3-3187BDD890E1}.Debug|x86.ActiveCfg = Debug|Any CPU
		{41464C25-4271-4D51-90E3-3187BDD890E1}.Debug|x86.Build.0 = Debug|Any CPU
		{41464C25-4271-4D51-90E3-3187BDD890E1}.Release|Any CPU.ActiveCfg = Release|Any CPU
		{41464C25-4271-4D51-90E3-3187BDD890E1}.Release|Any CPU.Build.0 = Release|Any CPU
		{41464C25-4271-4D51-90E3-3187BDD890E1}.Release|x64.ActiveCfg = Release|x64
		{41464C25-4271-4D51-90E3-3187BDD890E1}.Release|x64.Build.0 = Release|x64
		{41464C25-4271-4D51-90E3-3187BDD890E1}.Release|x86.ActiveCfg = Release|Any CPU
		{41464C25-4271-4D51-90E3-3187BDD890E1}.Release|x86.Build.0 = Release|Any CPU
		{57554809-07E1-4DF6-B8B2-D8C5D2587D9B}.Debug|Any CPU.ActiveCfg = Debug|Any CPU
		{57554809-07E1-4DF6-B8B2-D8C5D2587D9B}.Debug|Any CPU.Build.0 = Debug|Any CPU
		{57554809-07E1-4DF6-B8B2-D8C5D2587D9B}.Debug|x64.ActiveCfg = Debug|Any CPU
		{57554809-07E1-4DF6-B8B2-D8C5D2587D9B}.Debug|x64.Build.0 = Debug|Any CPU
		{57554809-07E1-4DF6-B8B2-D8C5D2587D9B}.Debug|x86.ActiveCfg = Debug|Any CPU
		{57554809-07E1-4DF6-B8B2-D8C5D2587D9B}.Debug|x86.Build.0 = Debug|Any CPU
		{57554809-07E1-4DF6-B8B2-D8C5D2587D9B}.Release|Any CPU.ActiveCfg = Release|Any CPU
		{57554809-07E1-4DF6-B8B2-D8C5D2587D9B}.Release|Any CPU.Build.0 = Release|Any CPU
		{57554809-07E1-4DF6-B8B2-D8C5D2587D9B}.Release|x64.ActiveCfg = Release|Any CPU
		{57554809-07E1-4DF6-B8B2-D8C5D2587D9B}.Release|x64.Build.0 = Release|Any CPU
		{57554809-07E1-4DF6-B8B2-D8C5D2587D9B}.Release|x86.ActiveCfg = Release|Any CPU
		{57554809-07E1-4DF6-B8B2-D8C5D2587D9B}.Release|x86.Build.0 = Release|Any CPU
	EndGlobalSection
	GlobalSection(SolutionProperties) = preSolution
		HideSolutionNode = FALSE
	EndGlobalSection
	GlobalSection(NestedProjects) = preSolution
		{5F2CD172-9540-4B2B-9234-F21FF3A1E30B} = {827E0CD3-B72D-47B6-A68D-7590B98EB39B}
		{41464C25-4271-4D51-90E3-3187BDD890E1} = {827E0CD3-B72D-47B6-A68D-7590B98EB39B}
		{57554809-07E1-4DF6-B8B2-D8C5D2587D9B} = {0AB3BF05-4346-4AA6-1389-037BE0695223}
	EndGlobalSection
EndGlobal
